// !$*UTF8*$!
{
	archiveVersion = 1;
	classes = {
	};
	objectVersion = 48;
	objects = {

/* Begin PBXBuildFile section */
		66AA6B541F999C49000E64D5 /* AppDelegate.swift in Sources */ = {isa = PBXBuildFile; fileRef = 66AA6B531F999C49000E64D5 /* AppDelegate.swift */; };
		66AA6B561F999C49000E64D5 /* SpeachTextVC.swift in Sources */ = {isa = PBXBuildFile; fileRef = 66AA6B551F999C49000E64D5 /* SpeachTextVC.swift */; };
		66AA6B5B1F999C49000E64D5 /* Assets.xcassets in Resources */ = {isa = PBXBuildFile; fileRef = 66AA6B5A1F999C49000E64D5 /* Assets.xcassets */; };
		66AA6B5E1F999C49000E64D5 /* LaunchScreen.storyboard in Resources */ = {isa = PBXBuildFile; fileRef = 66AA6B5C1F999C49000E64D5 /* LaunchScreen.storyboard */; };
		66AA6B661F99A087000E64D5 /* UIView++.swift in Sources */ = {isa = PBXBuildFile; fileRef = 66AA6B651F99A087000E64D5 /* UIView++.swift */; };
		66E2C9841FB7B5C6000B250E /* AudioServer.swift in Sources */ = {isa = PBXBuildFile; fileRef = 66E2C9831FB7B5C6000B250E /* AudioServer.swift */; };
		66FCB45820261A5200A96AF6 /* Sentence.swift in Sources */ = {isa = PBXBuildFile; fileRef = 66FCB45720261A5200A96AF6 /* Sentence.swift */; };
/* End PBXBuildFile section */

/* Begin PBXFileReference section */
		66AA6B501F999C49000E64D5 /* speach2txt.app */ = {isa = PBXFileReference; explicitFileType = wrapper.application; includeInIndex = 0; path = speach2txt.app; sourceTree = BUILT_PRODUCTS_DIR; };
		66AA6B531F999C49000E64D5 /* AppDelegate.swift */ = {isa = PBXFileReference; lastKnownFileType = sourcecode.swift; path = AppDelegate.swift; sourceTree = "<group>"; };
		66AA6B551F999C49000E64D5 /* SpeachTextVC.swift */ = {isa = PBXFileReference; lastKnownFileType = sourcecode.swift; path = SpeachTextVC.swift; sourceTree = "<group>"; };
		66AA6B5A1F999C49000E64D5 /* Assets.xcassets */ = {isa = PBXFileReference; lastKnownFileType = folder.assetcatalog; path = Assets.xcassets; sourceTree = "<group>"; };
		66AA6B5D1F999C49000E64D5 /* Base */ = {isa = PBXFileReference; lastKnownFileType = file.storyboard; name = Base; path = Base.lproj/LaunchScreen.storyboard; sourceTree = "<group>"; };
		66AA6B5F1F999C49000E64D5 /* Info.plist */ = {isa = PBXFileReference; lastKnownFileType = text.plist.xml; path = Info.plist; sourceTree = "<group>"; };
		66AA6B651F99A087000E64D5 /* UIView++.swift */ = {isa = PBXFileReference; lastKnownFileType = sourcecode.swift; path = "UIView++.swift"; sourceTree = "<group>"; };
		66E2C9831FB7B5C6000B250E /* AudioServer.swift */ = {isa = PBXFileReference; lastKnownFileType = sourcecode.swift; path = AudioServer.swift; sourceTree = "<group>"; };
		66FCB45720261A5200A96AF6 /* Sentence.swift */ = {isa = PBXFileReference; lastKnownFileType = sourcecode.swift; path = Sentence.swift; sourceTree = "<group>"; };
/* End PBXFileReference section */

/* Begin PBXFrameworksBuildPhase section */
		66AA6B4D1F999C49000E64D5 /* Frameworks */ = {
			isa = PBXFrameworksBuildPhase;
			buildActionMask = 2147483647;
			files = (
			);
			runOnlyForDeploymentPostprocessing = 0;
		};
/* End PBXFrameworksBuildPhase section */

/* Begin PBXGroup section */
		66AA6B471F999C49000E64D5 = {
			isa = PBXGroup;
			children = (
				66AA6B521F999C49000E64D5 /* speach2txt */,
				66AA6B511F999C49000E64D5 /* Products */,
			);
			sourceTree = "<group>";
		};
		66AA6B511F999C49000E64D5 /* Products */ = {
			isa = PBXGroup;
			children = (
				66AA6B501F999C49000E64D5 /* speach2txt.app */,
			);
			name = Products;
			sourceTree = "<group>";
		};
		66AA6B521F999C49000E64D5 /* speach2txt */ = {
			isa = PBXGroup;
			children = (
				66AA6B531F999C49000E64D5 /* AppDelegate.swift */,
				66E2C9851FB7B5D1000B250E /* Model */,
				66E2C9861FB7B5DC000B250E /* ViewController */,
				66E2C9871FB7B5EE000B250E /* ServerManager */,
				66E2C9881FB7B5FF000B250E /* Helper++ */,
				66AA6B5A1F999C49000E64D5 /* Assets.xcassets */,
				66AA6B5C1F999C49000E64D5 /* LaunchScreen.storyboard */,
				66AA6B5F1F999C49000E64D5 /* Info.plist */,
			);
			path = speach2txt;
			sourceTree = "<group>";
		};
		66E2C9851FB7B5D1000B250E /* Model */ = {
			isa = PBXGroup;
			children = (
				66FCB45720261A5200A96AF6 /* Sentence.swift */,
			);
			path = Model;
			sourceTree = "<group>";
		};
		66E2C9861FB7B5DC000B250E /* ViewController */ = {
			isa = PBXGroup;
			children = (
				66AA6B551F999C49000E64D5 /* SpeachTextVC.swift */,
			);
			path = ViewController;
			sourceTree = "<group>";
		};
		66E2C9871FB7B5EE000B250E /* ServerManager */ = {
			isa = PBXGroup;
			children = (
				66E2C9831FB7B5C6000B250E /* AudioServer.swift */,
			);
			path = ServerManager;
			sourceTree = "<group>";
		};
		66E2C9881FB7B5FF000B250E /* Helper++ */ = {
			isa = PBXGroup;
			children = (
				66AA6B651F99A087000E64D5 /* UIView++.swift */,
			);
			path = "Helper++";
			sourceTree = "<group>";
		};
/* End PBXGroup section */

/* Begin PBXNativeTarget section */
		66AA6B4F1F999C49000E64D5 /* speach2txt */ = {
			isa = PBXNativeTarget;
			buildConfigurationList = 66AA6B621F999C49000E64D5 /* Build configuration list for PBXNativeTarget "speach2txt" */;
			buildPhases = (
				66AA6B4C1F999C49000E64D5 /* Sources */,
				66AA6B4D1F999C49000E64D5 /* Frameworks */,
				66AA6B4E1F999C49000E64D5 /* Resources */,
			);
			buildRules = (
			);
			dependencies = (
			);
			name = speach2txt;
			productName = speach2txt;
			productReference = 66AA6B501F999C49000E64D5 /* speach2txt.app */;
			productType = "com.apple.product-type.application";
		};
/* End PBXNativeTarget section */

/* Begin PBXProject section */
		66AA6B481F999C49000E64D5 /* Project object */ = {
			isa = PBXProject;
			attributes = {
				LastSwiftUpdateCheck = 0900;
				LastUpgradeCheck = 0900;
				ORGANIZATIONNAME = "Xin Zou";
				TargetAttributes = {
					66AA6B4F1F999C49000E64D5 = {
						CreatedOnToolsVersion = 9.0;
						ProvisioningStyle = Automatic;
					};
				};
			};
			buildConfigurationList = 66AA6B4B1F999C49000E64D5 /* Build configuration list for PBXProject "speach2txt" */;
			compatibilityVersion = "Xcode 8.0";
			developmentRegion = en;
			hasScannedForEncodings = 0;
			knownRegions = (
				en,
				Base,
			);
			mainGroup = 66AA6B471F999C49000E64D5;
			productRefGroup = 66AA6B511F999C49000E64D5 /* Products */;
			projectDirPath = "";
			projectRoot = "";
			targets = (
				66AA6B4F1F999C49000E64D5 /* speach2txt */,
			);
		};
/* End PBXProject section */

/* Begin PBXResourcesBuildPhase section */
		66AA6B4E1F999C49000E64D5 /* Resources */ = {
			isa = PBXResourcesBuildPhase;
			buildActionMask = 2147483647;
			files = (
				66AA6B5E1F999C49000E64D5 /* LaunchScreen.storyboard in Resources */,
				66AA6B5B1F999C49000E64D5 /* Assets.xcassets in Resources */,
			);
			runOnlyForDeploymentPostprocessing = 0;
		};
/* End PBXResourcesBuildPhase section */

/* Begin PBXSourcesBuildPhase section */
		66AA6B4C1F999C49000E64D5 /* Sources */ = {
			isa = PBXSourcesBuildPhase;
			buildActionMask = 2147483647;
			files = (
				66AA6B561F999C49000E64D5 /* SpeachTextVC.swift in Sources */,
				66E2C9841FB7B5C6000B250E /* AudioServer.swift in Sources */,
				66FCB45820261A5200A96AF6 /* Sentence.swift in Sources */,
				66AA6B541F999C49000E64D5 /* AppDelegate.swift in Sources */,
				66AA6B661F99A087000E64D5 /* UIView++.swift in Sources */,
			);
			runOnlyForDeploymentPostprocessing = 0;
		};
/* End PBXSourcesBuildPhase section */

/* Begin PBXVariantGroup section */
		66AA6B5C1F999C49000E64D5 /* LaunchScreen.storyboard */ = {
			isa = PBXVariantGroup;
			children = (
				66AA6B5D1F999C49000E64D5 /* Base */,
			);
			name = LaunchScreen.storyboard;
			sourceTree = "<group>";
		};
/* End PBXVariantGroup section */

/* Begin XCBuildConfiguration section */
		66AA6B601F999C49000E64D5 /* Debug */ = {
			isa = XCBuildConfiguration;
			buildSettings = {
				ALWAYS_SEARCH_USER_PATHS = NO;
				CLANG_ANALYZER_NONNULL = YES;
				CLANG_ANALYZER_NUMBER_OBJECT_CONVERSION = YES_AGGRESSIVE;
				CLANG_CXX_LANGUAGE_STANDARD = "gnu++14";
				CLANG_CXX_LIBRARY = "libc++";
				CLANG_ENABLE_MODULES = YES;
				CLANG_ENABLE_OBJC_ARC = YES;
				CLANG_WARN_BLOCK_CAPTURE_AUTORELEASING = YES;
				CLANG_WARN_BOOL_CONVERSION = YES;
				CLANG_WARN_COMMA = YES;
				CLANG_WARN_CONSTANT_CONVERSION = YES;
				CLANG_WARN_DIRECT_OBJC_ISA_USAGE = YES_ERROR;
				CLANG_WARN_DOCUMENTATION_COMMENTS = YES;
				CLANG_WARN_EMPTY_BODY = YES;
				CLANG_WARN_ENUM_CONVERSION = YES;
				CLANG_WARN_INFINITE_RECURSION = YES;
				CLANG_WARN_INT_CONVERSION = YES;
				CLANG_WARN_NON_LITERAL_NULL_CONVERSION = YES;
				CLANG_WARN_OBJC_LITERAL_CONVERSION = YES;
				CLANG_WARN_OBJC_ROOT_CLASS = YES_ERROR;
				CLANG_WARN_RANGE_LOOP_ANALYSIS = YES;
				CLANG_WARN_STRICT_PROTOTYPES = YES;
				CLANG_WARN_SUSPICIOUS_MOVE = YES;
				CLANG_WARN_UNGUARDED_AVAILABILITY = YES_AGGRESSIVE;
				CLANG_WARN_UNREACHABLE_CODE = YES;
				CLANG_WARN__DUPLICATE_METHOD_MATCH = YES;
				CODE_SIGN_IDENTITY = "iPhone Developer";
				COPY_PHASE_STRIP = NO;
				DEBUG_INFORMATION_FORMAT = dwarf;
				ENABLE_STRICT_OBJC_MSGSEND = YES;
				ENABLE_TESTABILITY = YES;
				GCC_C_LANGUAGE_STANDARD = gnu11;
				GCC_DYNAMIC_NO_PIC = NO;
				GCC_NO_COMMON_BLOCKS = YES;
				GCC_OPTIMIZATION_LEVEL = 0;
				GCC_PREPROCESSOR_DEFINITIONS = (
					"DEBUG=1",
					"$(inherited)",
				);
				GCC_WARN_64_TO_32_BIT_CONVERSION = YES;
				GCC_WARN_ABOUT_RETURN_TYPE = YES_ERROR;
				GCC_WARN_UNDECLARED_SELECTOR = YES;
				GCC_WARN_UNINITIALIZED_AUTOS = YES_AGGRESSIVE;
				GCC_WARN_UNUSED_FUNCTION = YES;
				GCC_WARN_UNUSED_VARIABLE = YES;
				IPHONEOS_DEPLOYMENT_TARGET = 11.0;
				MTL_ENABLE_DEBUG_INFO = YES;
				ONLY_ACTIVE_ARCH = YES;
				SDKROOT = iphoneos;
				SWIFT_ACTIVE_COMPILATION_CONDITIONS = DEBUG;
				SWIFT_OPTIMIZATION_LEVEL = "-Onone";
			};
			name = Debug;
		};
		66AA6B611F999C49000E64D5 /* Release */ = {
			isa = XCBuildConfiguration;
			buildSettings = {
				ALWAYS_SEARCH_USER_PATHS = NO;
				CLANG_ANALYZER_NONNULL = YES;
				CLANG_ANALYZER_NUMBER_OBJECT_CONVERSION = YES_AGGRESSIVE;
				CLANG_CXX_LANGUAGE_STANDARD = "gnu++14";
				CLANG_CXX_LIBRARY = "libc++";
				CLANG_ENABLE_MODULES = YES;
				CLANG_ENABLE_OBJC_ARC = YES;
				CLANG_WARN_BLOCK_CAPTURE_AUTORELEASING = YES;
				CLANG_WARN_BOOL_CONVERSION = YES;
				CLANG_WARN_COMMA = YES;
				CLANG_WARN_CONSTANT_CONVERSION = YES;
				CLANG_WARN_DIRECT_OBJC_ISA_USAGE = YES_ERROR;
				CLANG_WARN_DOCUMENTATION_COMMENTS = YES;
				CLANG_WARN_EMPTY_BODY = YES;
				CLANG_WARN_ENUM_CONVERSION = YES;
				CLANG_WARN_INFINITE_RECURSION = YES;
				CLANG_WARN_INT_CONVERSION = YES;
				CLANG_WARN_NON_LITERAL_NULL_CONVERSION = YES;
				CLANG_WARN_OBJC_LITERAL_CONVERSION = YES;
				CLANG_WARN_OBJC_ROOT_CLASS = YES_ERROR;
				CLANG_WARN_RANGE_LOOP_ANALYSIS = YES;
				CLANG_WARN_STRICT_PROTOTYPES = YES;
				CLANG_WARN_SUSPICIOUS_MOVE = YES;
				CLANG_WARN_UNGUARDED_AVAILABILITY = YES_AGGRESSIVE;
				CLANG_WARN_UNREACHABLE_CODE = YES;
				CLANG_WARN__DUPLICATE_METHOD_MATCH = YES;
				CODE_SIGN_IDENTITY = "iPhone Developer";
				COPY_PHASE_STRIP = NO;
				DEBUG_INFORMATION_FORMAT = "dwarf-with-dsym";
				ENABLE_NS_ASSERTIONS = NO;
				ENABLE_STRICT_OBJC_MSGSEND = YES;
				GCC_C_LANGUAGE_STANDARD = gnu11;
				GCC_NO_COMMON_BLOCKS = YES;
				GCC_WARN_64_TO_32_BIT_CONVERSION = YES;
				GCC_WARN_ABOUT_RETURN_TYPE = YES_ERROR;
				GCC_WARN_UNDECLARED_SELECTOR = YES;
				GCC_WARN_UNINITIALIZED_AUTOS = YES_AGGRESSIVE;
				GCC_WARN_UNUSED_FUNCTION = YES;
				GCC_WARN_UNUSED_VARIABLE = YES;
				IPHONEOS_DEPLOYMENT_TARGET = 11.0;
				MTL_ENABLE_DEBUG_INFO = NO;
				SDKROOT = iphoneos;
				SWIFT_OPTIMIZATION_LEVEL = "-Owholemodule";
				VALIDATE_PRODUCT = YES;
			};
			name = Release;
		};
		66AA6B631F999C49000E64D5 /* Debug */ = {
			isa = XCBuildConfiguration;
			buildSettings = {
				ASSETCATALOG_COMPILER_APPICON_NAME = AppIcon;
				CODE_SIGN_STYLE = Automatic;
				DEVELOPMENT_TEAM = 6S4EWJH888;
				INFOPLIST_FILE = speach2txt/Info.plist;
				IPHONEOS_DEPLOYMENT_TARGET = 10.3;
				LD_RUNPATH_SEARCH_PATHS = "$(inherited) @executable_path/Frameworks";
				PRODUCT_BUNDLE_IDENTIFIER = edu.stevens.xinzou.speach2txt;
				PRODUCT_NAME = "$(TARGET_NAME)";
				SWIFT_VERSION = 4.0;
				TARGETED_DEVICE_FAMILY = "1,2";
			};
			name = Debug;
		};
		66AA6B641F999C49000E64D5 /* Release */ = {
			isa = XCBuildConfiguration;
			buildSettings = {
				ASSETCATALOG_COMPILER_APPICON_NAME = AppIcon;
				CODE_SIGN_STYLE = Automatic;
				DEVELOPMENT_TEAM = 6S4EWJH888;
				INFOPLIST_FILE = speach2txt/Info.plist;
				IPHONEOS_DEPLOYMENT_TARGET = 10.3;
				LD_RUNPATH_SEARCH_PATHS = "$(inherited) @executable_path/Frameworks";
				PRODUCT_BUNDLE_IDENTIFIER = edu.stevens.xinzou.speach2txt;
				PRODUCT_NAME = "$(TARGET_NAME)";
				SWIFT_VERSION = 4.0;
				TARGETED_DEVICE_FAMILY = "1,2";
			};
			name = Release;
		};
/* End XCBuildConfiguration section */

/* Begin XCConfigurationList section */
		66AA6B4B1F999C49000E64D5 /* Build configuration list for PBXProject "speach2txt" */ = {
			isa = XCConfigurationList;
			buildConfigurations = (
				66AA6B601F999C49000E64D5 /* Debug */,
				66AA6B611F999C49000E64D5 /* Release */,
			);
			defaultConfigurationIsVisible = 0;
			defaultConfigurationName = Release;
		};
		66AA6B621F999C49000E64D5 /* Build configuration list for PBXNativeTarget "speach2txt" */ = {
			isa = XCConfigurationList;
			buildConfigurations = (
				66AA6B631F999C49000E64D5 /* Debug */,
				66AA6B641F999C49000E64D5 /* Release */,
			);
			defaultConfigurationIsVisible = 0;
			defaultConfigurationName = Release;
		};
/* End XCConfigurationList section */
	};
	rootObject = 66AA6B481F999C49000E64D5 /* Project object */;
}
